// !$*UTF8*$!
{
	archiveVersion = 1;
	classes = {
	};
	objectVersion = 46;
	objects = {

/* Begin PBXBuildFile section */
		CE3852EA1DFDBD1800BE9D8A /* Registration.swift in Sources */ = {isa = PBXBuildFile; fileRef = CE3852E91DFDBD1800BE9D8A /* Registration.swift */; };
		CE3852ED1DFDCAF500BE9D8A /* File.swift in Sources */ = {isa = PBXBuildFile; fileRef = CE3852EC1DFDCAF500BE9D8A /* File.swift */; };
		CE64F1941DFA9C3D00DD9637 /* SwiftyJSON.framework in CopyFiles */ = {isa = PBXBuildFile; fileRef = CE64F1931DFA9C3D00DD9637 /* SwiftyJSON.framework */; settings = {ATTRIBUTES = (CodeSignOnCopy, RemoveHeadersOnCopy, ); }; };
		CE64F1951DFA9C4300DD9637 /* SwiftyJSON.framework in Frameworks */ = {isa = PBXBuildFile; fileRef = CE64F1931DFA9C3D00DD9637 /* SwiftyJSON.framework */; };
		CE64F19B1DFAAA1200DD9637 /* HomeVC.swift in Sources */ = {isa = PBXBuildFile; fileRef = CE64F1981DFAAA1200DD9637 /* HomeVC.swift */; };
		CE64F19C1DFAAA1200DD9637 /* BaseViewController.swift in Sources */ = {isa = PBXBuildFile; fileRef = CE64F1991DFAAA1200DD9637 /* BaseViewController.swift */; };
		CE64F19D1DFAAA1200DD9637 /* MenuViewController.swift in Sources */ = {isa = PBXBuildFile; fileRef = CE64F19A1DFAAA1200DD9637 /* MenuViewController.swift */; };
		CE64F2021DFAD6A000DD9637 /* MapKit.framework in Frameworks */ = {isa = PBXBuildFile; fileRef = CE64F2011DFAD6A000DD9637 /* MapKit.framework */; };
		CED6B4971DF9DD4E00B72BF6 /* Alamofire.framework in CopyFiles */ = {isa = PBXBuildFile; fileRef = CED6B4961DF9DD4E00B72BF6 /* Alamofire.framework */; settings = {ATTRIBUTES = (CodeSignOnCopy, RemoveHeadersOnCopy, ); }; };
		CED6B4981DF9DD5800B72BF6 /* Alamofire.framework in Frameworks */ = {isa = PBXBuildFile; fileRef = CED6B4961DF9DD4E00B72BF6 /* Alamofire.framework */; };
		CED6B49A1DF9E3D400B72BF6 /* Global.swift in Sources */ = {isa = PBXBuildFile; fileRef = CED6B4991DF9E3D400B72BF6 /* Global.swift */; };
		CEE49E491DFC2511003663C8 /* Recent Order.swift in Sources */ = {isa = PBXBuildFile; fileRef = CEE49E481DFC2511003663C8 /* Recent Order.swift */; };
		CEE49E4D1DFC2543003663C8 /* RecentOrderCell.swift in Sources */ = {isa = PBXBuildFile; fileRef = CEE49E4C1DFC2543003663C8 /* RecentOrderCell.swift */; };
		CEE49E521DFC2828003663C8 /* Profile.swift in Sources */ = {isa = PBXBuildFile; fileRef = CEE49E511DFC2828003663C8 /* Profile.swift */; };
		CEE49E551DFC2856003663C8 /* ContactUs.swift in Sources */ = {isa = PBXBuildFile; fileRef = CEE49E541DFC2856003663C8 /* ContactUs.swift */; };
		CEE49E5A1DFC2F06003663C8 /* CoreLocation.framework in Frameworks */ = {isa = PBXBuildFile; fileRef = CEE49E591DFC2F06003663C8 /* CoreLocation.framework */; };
		CEFFDDB11DF96AB9007135DD /* AppDelegate.swift in Sources */ = {isa = PBXBuildFile; fileRef = CEFFDDB01DF96AB9007135DD /* AppDelegate.swift */; };
		CEFFDDB31DF96AB9007135DD /* ViewController.swift in Sources */ = {isa = PBXBuildFile; fileRef = CEFFDDB21DF96AB9007135DD /* ViewController.swift */; };
		CEFFDDB61DF96AB9007135DD /* Main.storyboard in Resources */ = {isa = PBXBuildFile; fileRef = CEFFDDB41DF96AB9007135DD /* Main.storyboard */; };
		CEFFDDB91DF96AB9007135DD /* Taxi_App.xcdatamodeld in Sources */ = {isa = PBXBuildFile; fileRef = CEFFDDB71DF96AB9007135DD /* Taxi_App.xcdatamodeld */; };
		CEFFDDBB1DF96AB9007135DD /* Assets.xcassets in Resources */ = {isa = PBXBuildFile; fileRef = CEFFDDBA1DF96AB9007135DD /* Assets.xcassets */; };
		CEFFDDBE1DF96AB9007135DD /* LaunchScreen.storyboard in Resources */ = {isa = PBXBuildFile; fileRef = CEFFDDBC1DF96AB9007135DD /* LaunchScreen.storyboard */; };
		CEFFDDC91DF96AB9007135DD /* Taxi_AppTests.swift in Sources */ = {isa = PBXBuildFile; fileRef = CEFFDDC81DF96AB9007135DD /* Taxi_AppTests.swift */; };
		CEFFDDD41DF96AB9007135DD /* Taxi_AppUITests.swift in Sources */ = {isa = PBXBuildFile; fileRef = CEFFDDD31DF96AB9007135DD /* Taxi_AppUITests.swift */; };
/* End PBXBuildFile section */

/* Begin PBXContainerItemProxy section */
		CEFFDDC51DF96AB9007135DD /* PBXContainerItemProxy */ = {
			isa = PBXContainerItemProxy;
			containerPortal = CEFFDDA51DF96AB9007135DD /* Project object */;
			proxyType = 1;
			remoteGlobalIDString = CEFFDDAC1DF96AB9007135DD;
			remoteInfo = "Taxi App";
		};
		CEFFDDD01DF96AB9007135DD /* PBXContainerItemProxy */ = {
			isa = PBXContainerItemProxy;
			containerPortal = CEFFDDA51DF96AB9007135DD /* Project object */;
			proxyType = 1;
			remoteGlobalIDString = CEFFDDAC1DF96AB9007135DD;
			remoteInfo = "Taxi App";
		};
/* End PBXContainerItemProxy section */

/* Begin PBXCopyFilesBuildPhase section */
		CED6B4951DF9D81600B72BF6 /* CopyFiles */ = {
			isa = PBXCopyFilesBuildPhase;
			buildActionMask = 2147483647;
			dstPath = "";
			dstSubfolderSpec = 10;
			files = (
				CE64F1941DFA9C3D00DD9637 /* SwiftyJSON.framework in CopyFiles */,
				CED6B4971DF9DD4E00B72BF6 /* Alamofire.framework in CopyFiles */,
			);
			runOnlyForDeploymentPostprocessing = 0;
		};
/* End PBXCopyFilesBuildPhase section */

/* Begin PBXFileReference section */
		CE3852E91DFDBD1800BE9D8A /* Registration.swift */ = {isa = PBXFileReference; fileEncoding = 4; lastKnownFileType = sourcecode.swift; path = Registration.swift; sourceTree = "<group>"; };
		CE3852EC1DFDCAF500BE9D8A /* File.swift */ = {isa = PBXFileReference; fileEncoding = 4; lastKnownFileType = sourcecode.swift; name = File.swift; path = "Taxi App/File.swift"; sourceTree = "<group>"; };
		CE64F1931DFA9C3D00DD9637 /* SwiftyJSON.framework */ = {isa = PBXFileReference; lastKnownFileType = wrapper.framework; path = SwiftyJSON.framework; sourceTree = "<group>"; };
		CE64F1981DFAAA1200DD9637 /* HomeVC.swift */ = {isa = PBXFileReference; fileEncoding = 4; lastKnownFileType = sourcecode.swift; path = HomeVC.swift; sourceTree = "<group>"; };
		CE64F1991DFAAA1200DD9637 /* BaseViewController.swift */ = {isa = PBXFileReference; fileEncoding = 4; lastKnownFileType = sourcecode.swift; path = BaseViewController.swift; sourceTree = "<group>"; };
		CE64F19A1DFAAA1200DD9637 /* MenuViewController.swift */ = {isa = PBXFileReference; fileEncoding = 4; lastKnownFileType = sourcecode.swift; path = MenuViewController.swift; sourceTree = "<group>"; };
		CE64F2011DFAD6A000DD9637 /* MapKit.framework */ = {isa = PBXFileReference; lastKnownFileType = wrapper.framework; name = MapKit.framework; path = System/Library/Frameworks/MapKit.framework; sourceTree = SDKROOT; };
		CED6B4961DF9DD4E00B72BF6 /* Alamofire.framework */ = {isa = PBXFileReference; lastKnownFileType = wrapper.framework; path = Alamofire.framework; sourceTree = "<group>"; };
		CED6B4991DF9E3D400B72BF6 /* Global.swift */ = {isa = PBXFileReference; fileEncoding = 4; lastKnownFileType = sourcecode.swift; path = Global.swift; sourceTree = "<group>"; };
		CEE49E481DFC2511003663C8 /* Recent Order.swift */ = {isa = PBXFileReference; fileEncoding = 4; lastKnownFileType = sourcecode.swift; path = "Recent Order.swift"; sourceTree = "<group>"; };
		CEE49E4C1DFC2543003663C8 /* RecentOrderCell.swift */ = {isa = PBXFileReference; fileEncoding = 4; lastKnownFileType = sourcecode.swift; path = RecentOrderCell.swift; sourceTree = "<group>"; };
		CEE49E511DFC2828003663C8 /* Profile.swift */ = {isa = PBXFileReference; fileEncoding = 4; lastKnownFileType = sourcecode.swift; path = Profile.swift; sourceTree = "<group>"; };
		CEE49E541DFC2856003663C8 /* ContactUs.swift */ = {isa = PBXFileReference; fileEncoding = 4; lastKnownFileType = sourcecode.swift; path = ContactUs.swift; sourceTree = "<group>"; };
		CEE49E591DFC2F06003663C8 /* CoreLocation.framework */ = {isa = PBXFileReference; lastKnownFileType = wrapper.framework; name = CoreLocation.framework; path = System/Library/Frameworks/CoreLocation.framework; sourceTree = SDKROOT; };
		CEFFDDAD1DF96AB9007135DD /* Taxi App.app */ = {isa = PBXFileReference; explicitFileType = wrapper.application; includeInIndex = 0; path = "Taxi App.app"; sourceTree = BUILT_PRODUCTS_DIR; };
		CEFFDDB01DF96AB9007135DD /* AppDelegate.swift */ = {isa = PBXFileReference; lastKnownFileType = sourcecode.swift; path = AppDelegate.swift; sourceTree = "<group>"; };
		CEFFDDB21DF96AB9007135DD /* ViewController.swift */ = {isa = PBXFileReference; lastKnownFileType = sourcecode.swift; name = ViewController.swift; path = "Taxi App/ViewController.swift"; sourceTree = "<group>"; };
		CEFFDDB51DF96AB9007135DD /* Base */ = {isa = PBXFileReference; lastKnownFileType = file.storyboard; name = Base; path = Base.lproj/Main.storyboard; sourceTree = "<group>"; };
		CEFFDDB81DF96AB9007135DD /* Taxi_App.xcdatamodel */ = {isa = PBXFileReference; lastKnownFileType = wrapper.xcdatamodel; path = Taxi_App.xcdatamodel; sourceTree = "<group>"; };
		CEFFDDBA1DF96AB9007135DD /* Assets.xcassets */ = {isa = PBXFileReference; lastKnownFileType = folder.assetcatalog; path = Assets.xcassets; sourceTree = "<group>"; };
		CEFFDDBD1DF96AB9007135DD /* Base */ = {isa = PBXFileReference; lastKnownFileType = file.storyboard; name = Base; path = Base.lproj/LaunchScreen.storyboard; sourceTree = "<group>"; };
		CEFFDDBF1DF96AB9007135DD /* Info.plist */ = {isa = PBXFileReference; lastKnownFileType = text.plist.xml; path = Info.plist; sourceTree = "<group>"; };
		CEFFDDC41DF96AB9007135DD /* Taxi AppTests.xctest */ = {isa = PBXFileReference; explicitFileType = wrapper.cfbundle; includeInIndex = 0; path = "Taxi AppTests.xctest"; sourceTree = BUILT_PRODUCTS_DIR; };
		CEFFDDC81DF96AB9007135DD /* Taxi_AppTests.swift */ = {isa = PBXFileReference; lastKnownFileType = sourcecode.swift; path = Taxi_AppTests.swift; sourceTree = "<group>"; };
		CEFFDDCA1DF96AB9007135DD /* Info.plist */ = {isa = PBXFileReference; lastKnownFileType = text.plist.xml; path = Info.plist; sourceTree = "<group>"; };
		CEFFDDCF1DF96AB9007135DD /* Taxi AppUITests.xctest */ = {isa = PBXFileReference; explicitFileType = wrapper.cfbundle; includeInIndex = 0; path = "Taxi AppUITests.xctest"; sourceTree = BUILT_PRODUCTS_DIR; };
		CEFFDDD31DF96AB9007135DD /* Taxi_AppUITests.swift */ = {isa = PBXFileReference; lastKnownFileType = sourcecode.swift; path = Taxi_AppUITests.swift; sourceTree = "<group>"; };
		CEFFDDD51DF96AB9007135DD /* Info.plist */ = {isa = PBXFileReference; lastKnownFileType = text.plist.xml; path = Info.plist; sourceTree = "<group>"; };
/* End PBXFileReference section */

/* Begin PBXFrameworksBuildPhase section */
		CEFFDDAA1DF96AB9007135DD /* Frameworks */ = {
			isa = PBXFrameworksBuildPhase;
			buildActionMask = 2147483647;
			files = (
				CEE49E5A1DFC2F06003663C8 /* CoreLocation.framework in Frameworks */,
				CE64F2021DFAD6A000DD9637 /* MapKit.framework in Frameworks */,
				CE64F1951DFA9C4300DD9637 /* SwiftyJSON.framework in Frameworks */,
				CED6B4981DF9DD5800B72BF6 /* Alamofire.framework in Frameworks */,
			);
			runOnlyForDeploymentPostprocessing = 0;
		};
		CEFFDDC11DF96AB9007135DD /* Frameworks */ = {
			isa = PBXFrameworksBuildPhase;
			buildActionMask = 2147483647;
			files = (
			);
			runOnlyForDeploymentPostprocessing = 0;
		};
		CEFFDDCC1DF96AB9007135DD /* Frameworks */ = {
			isa = PBXFrameworksBuildPhase;
			buildActionMask = 2147483647;
			files = (
			);
			runOnlyForDeploymentPostprocessing = 0;
		};
/* End PBXFrameworksBuildPhase section */

/* Begin PBXGroup section */
		CE3852EB1DFDCAC200BE9D8A /* UIadjustMent */ = {
			isa = PBXGroup;
			children = (
				CE3852EC1DFDCAF500BE9D8A /* File.swift */,
			);
			name = UIadjustMent;
			sourceTree = "<group>";
		};
		CE64F1921DFA9C1300DD9637 /* Frameworks */ = {
			isa = PBXGroup;
			children = (
				CE64F1931DFA9C3D00DD9637 /* SwiftyJSON.framework */,
				CEE49E591DFC2F06003663C8 /* CoreLocation.framework */,
				CE64F2011DFAD6A000DD9637 /* MapKit.framework */,
				CED6B4961DF9DD4E00B72BF6 /* Alamofire.framework */,
			);
			name = Frameworks;
			sourceTree = "<group>";
		};
		CE64F1961DFAA9B200DD9637 /* Registration */ = {
			isa = PBXGroup;
			children = (
				CE3852E91DFDBD1800BE9D8A /* Registration.swift */,
			);
			name = Registration;
			sourceTree = "<group>";
		};
		CE64F1971DFAA9BC00DD9637 /* Slide Menu */ = {
			isa = PBXGroup;
			children = (
				CE64F1981DFAAA1200DD9637 /* HomeVC.swift */,
				CE64F1991DFAAA1200DD9637 /* BaseViewController.swift */,
				CE64F19A1DFAAA1200DD9637 /* MenuViewController.swift */,
			);
			name = "Slide Menu";
			sourceTree = "<group>";
		};
		CE64F2051DFAD6C500DD9637 /* Home */ = {
			isa = PBXGroup;
			children = (
				CEFFDDB21DF96AB9007135DD /* ViewController.swift */,
			);
			name = Home;
			sourceTree = "<group>";
		};
		CE963BFB1DFE76CF008CBF5F /* Earnings */ = {
			isa = PBXGroup;
			children = (
			);
			name = Earnings;
			sourceTree = "<group>";
		};
		CE963BFC1DFE76DB008CBF5F /* Messages */ = {
			isa = PBXGroup;
			children = (
			);
			name = Messages;
			sourceTree = "<group>";
		};
		CE963BFD1DFE76E2008CBF5F /* Ratings */ = {
			isa = PBXGroup;
			children = (
			);
			name = Ratings;
			sourceTree = "<group>";
		};
		CE963BFE1DFE76E9008CBF5F /* Refer Driver */ = {
			isa = PBXGroup;
			children = (
			);
			name = "Refer Driver";
			sourceTree = "<group>";
		};
		CE963BFF1DFE76F1008CBF5F /* Rewards */ = {
			isa = PBXGroup;
			children = (
			);
			name = Rewards;
			sourceTree = "<group>";
		};
		CEE49E471DFC24FA003663C8 /* Recent Order */ = {
			isa = PBXGroup;
			children = (
				CEE49E481DFC2511003663C8 /* Recent Order.swift */,
				CEE49E4C1DFC2543003663C8 /* RecentOrderCell.swift */,
			);
			name = "Recent Order";
			sourceTree = "<group>";
		};
		CEE49E501DFC2814003663C8 /* Profile */ = {
			isa = PBXGroup;
			children = (
				CEE49E511DFC2828003663C8 /* Profile.swift */,
			);
			name = Profile;
			sourceTree = "<group>";
		};
		CEE49E531DFC2848003663C8 /* Contact Us */ = {
			isa = PBXGroup;
			children = (
				CEE49E541DFC2856003663C8 /* ContactUs.swift */,
			);
			name = "Contact Us";
			sourceTree = "<group>";
		};
		CEFFDDA41DF96AB9007135DD = {
			isa = PBXGroup;
			children = (
				CE3852EB1DFDCAC200BE9D8A /* UIadjustMent */,
				CE64F1921DFA9C1300DD9637 /* Frameworks */,
				CEFFDDE11DF96ACF007135DD /* All Classes */,
				CEFFDDAF1DF96AB9007135DD /* Taxi App */,
				CEFFDDC71DF96AB9007135DD /* Taxi AppTests */,
				CEFFDDD21DF96AB9007135DD /* Taxi AppUITests */,
				CEFFDDAE1DF96AB9007135DD /* Products */,
			);
			sourceTree = "<group>";
		};
		CEFFDDAE1DF96AB9007135DD /* Products */ = {
			isa = PBXGroup;
			children = (
				CEFFDDAD1DF96AB9007135DD /* Taxi App.app */,
				CEFFDDC41DF96AB9007135DD /* Taxi AppTests.xctest */,
				CEFFDDCF1DF96AB9007135DD /* Taxi AppUITests.xctest */,
			);
			name = Products;
			sourceTree = "<group>";
		};
		CEFFDDAF1DF96AB9007135DD /* Taxi App */ = {
			isa = PBXGroup;
			children = (
				CEFFDDB01DF96AB9007135DD /* AppDelegate.swift */,
				CEFFDDB41DF96AB9007135DD /* Main.storyboard */,
				CEFFDDBA1DF96AB9007135DD /* Assets.xcassets */,
				CEFFDDBC1DF96AB9007135DD /* LaunchScreen.storyboard */,
				CEFFDDBF1DF96AB9007135DD /* Info.plist */,
				CEFFDDB71DF96AB9007135DD /* Taxi_App.xcdatamodeld */,
			);
			path = "Taxi App";
			sourceTree = "<group>";
		};
		CEFFDDC71DF96AB9007135DD /* Taxi AppTests */ = {
			isa = PBXGroup;
			children = (
				CEFFDDC81DF96AB9007135DD /* Taxi_AppTests.swift */,
				CEFFDDCA1DF96AB9007135DD /* Info.plist */,
			);
			path = "Taxi AppTests";
			sourceTree = "<group>";
		};
		CEFFDDD21DF96AB9007135DD /* Taxi AppUITests */ = {
			isa = PBXGroup;
			children = (
				CEFFDDD31DF96AB9007135DD /* Taxi_AppUITests.swift */,
				CEFFDDD51DF96AB9007135DD /* Info.plist */,
			);
			path = "Taxi AppUITests";
			sourceTree = "<group>";
		};
		CEFFDDE11DF96ACF007135DD /* All Classes */ = {
			isa = PBXGroup;
			children = (
				CEE49E501DFC2814003663C8 /* Profile */,
				CEE49E471DFC24FA003663C8 /* Recent Order */,
				CE963BFB1DFE76CF008CBF5F /* Earnings */,
				CE963BFC1DFE76DB008CBF5F /* Messages */,
				CE963BFD1DFE76E2008CBF5F /* Ratings */,
				CE963BFE1DFE76E9008CBF5F /* Refer Driver */,
				CE963BFF1DFE76F1008CBF5F /* Rewards */,
				CEE49E531DFC2848003663C8 /* Contact Us */,
				CE64F2051DFAD6C500DD9637 /* Home */,
				CE64F1971DFAA9BC00DD9637 /* Slide Menu */,
				CE64F1961DFAA9B200DD9637 /* Registration */,
				CED6B4991DF9E3D400B72BF6 /* Global.swift */,
			);
			name = "All Classes";
			sourceTree = "<group>";
		};
/* End PBXGroup section */

/* Begin PBXNativeTarget section */
		CEFFDDAC1DF96AB9007135DD /* Taxi App */ = {
			isa = PBXNativeTarget;
			buildConfigurationList = CEFFDDD81DF96AB9007135DD /* Build configuration list for PBXNativeTarget "Taxi App" */;
			buildPhases = (
				CEFFDDA91DF96AB9007135DD /* Sources */,
				CEFFDDAA1DF96AB9007135DD /* Frameworks */,
				CEFFDDAB1DF96AB9007135DD /* Resources */,
				CED6B4951DF9D81600B72BF6 /* CopyFiles */,
			);
			buildRules = (
			);
			dependencies = (
			);
			name = "Taxi App";
			productName = "Taxi App";
			productReference = CEFFDDAD1DF96AB9007135DD /* Taxi App.app */;
			productType = "com.apple.product-type.application";
		};
		CEFFDDC31DF96AB9007135DD /* Taxi AppTests */ = {
			isa = PBXNativeTarget;
			buildConfigurationList = CEFFDDDB1DF96AB9007135DD /* Build configuration list for PBXNativeTarget "Taxi AppTests" */;
			buildPhases = (
				CEFFDDC01DF96AB9007135DD /* Sources */,
				CEFFDDC11DF96AB9007135DD /* Frameworks */,
				CEFFDDC21DF96AB9007135DD /* Resources */,
			);
			buildRules = (
			);
			dependencies = (
				CEFFDDC61DF96AB9007135DD /* PBXTargetDependency */,
			);
			name = "Taxi AppTests";
			productName = "Taxi AppTests";
			productReference = CEFFDDC41DF96AB9007135DD /* Taxi AppTests.xctest */;
			productType = "com.apple.product-type.bundle.unit-test";
		};
		CEFFDDCE1DF96AB9007135DD /* Taxi AppUITests */ = {
			isa = PBXNativeTarget;
			buildConfigurationList = CEFFDDDE1DF96AB9007135DD /* Build configuration list for PBXNativeTarget "Taxi AppUITests" */;
			buildPhases = (
				CEFFDDCB1DF96AB9007135DD /* Sources */,
				CEFFDDCC1DF96AB9007135DD /* Frameworks */,
				CEFFDDCD1DF96AB9007135DD /* Resources */,
			);
			buildRules = (
			);
			dependencies = (
				CEFFDDD11DF96AB9007135DD /* PBXTargetDependency */,
			);
			name = "Taxi AppUITests";
			productName = "Taxi AppUITests";
			productReference = CEFFDDCF1DF96AB9007135DD /* Taxi AppUITests.xctest */;
			productType = "com.apple.product-type.bundle.ui-testing";
		};
/* End PBXNativeTarget section */

/* Begin PBXProject section */
		CEFFDDA51DF96AB9007135DD /* Project object */ = {
			isa = PBXProject;
			attributes = {
				LastSwiftUpdateCheck = 0800;
				LastUpgradeCheck = 0800;
				ORGANIZATIONNAME = User;
				TargetAttributes = {
					CEFFDDAC1DF96AB9007135DD = {
						CreatedOnToolsVersion = 8.0;
						ProvisioningStyle = Automatic;
					};
					CEFFDDC31DF96AB9007135DD = {
						CreatedOnToolsVersion = 8.0;
						ProvisioningStyle = Automatic;
						TestTargetID = CEFFDDAC1DF96AB9007135DD;
					};
					CEFFDDCE1DF96AB9007135DD = {
						CreatedOnToolsVersion = 8.0;
						ProvisioningStyle = Automatic;
						TestTargetID = CEFFDDAC1DF96AB9007135DD;
					};
				};
			};
			buildConfigurationList = CEFFDDA81DF96AB9007135DD /* Build configuration list for PBXProject "Taxi App" */;
			compatibilityVersion = "Xcode 3.2";
			developmentRegion = English;
			hasScannedForEncodings = 0;
			knownRegions = (
				en,
				Base,
			);
			mainGroup = CEFFDDA41DF96AB9007135DD;
			productRefGroup = CEFFDDAE1DF96AB9007135DD /* Products */;
			projectDirPath = "";
			projectRoot = "";
			targets = (
				CEFFDDAC1DF96AB9007135DD /* Taxi App */,
				CEFFDDC31DF96AB9007135DD /* Taxi AppTests */,
				CEFFDDCE1DF96AB9007135DD /* Taxi AppUITests */,
			);
		};
/* End PBXProject section */

/* Begin PBXResourcesBuildPhase section */
		CEFFDDAB1DF96AB9007135DD /* Resources */ = {
			isa = PBXResourcesBuildPhase;
			buildActionMask = 2147483647;
			files = (
				CEFFDDBE1DF96AB9007135DD /* LaunchScreen.storyboard in Resources */,
				CEFFDDBB1DF96AB9007135DD /* Assets.xcassets in Resources */,
				CEFFDDB61DF96AB9007135DD /* Main.storyboard in Resources */,
			);
			runOnlyForDeploymentPostprocessing = 0;
		};
		CEFFDDC21DF96AB9007135DD /* Resources */ = {
			isa = PBXResourcesBuildPhase;
			buildActionMask = 2147483647;
			files = (
			);
			runOnlyForDeploymentPostprocessing = 0;
		};
		CEFFDDCD1DF96AB9007135DD /* Resources */ = {
			isa = PBXResourcesBuildPhase;
			buildActionMask = 2147483647;
			files = (
			);
			runOnlyForDeploymentPostprocessing = 0;
		};
/* End PBXResourcesBuildPhase section */

/* Begin PBXSourcesBuildPhase section */
		CEFFDDA91DF96AB9007135DD /* Sources */ = {
			isa = PBXSourcesBuildPhase;
			buildActionMask = 2147483647;
			files = (
				CEFFDDB31DF96AB9007135DD /* ViewController.swift in Sources */,
				CEE49E551DFC2856003663C8 /* ContactUs.swift in Sources */,
				CEFFDDB11DF96AB9007135DD /* AppDelegate.swift in Sources */,
				CE64F19B1DFAAA1200DD9637 /* HomeVC.swift in Sources */,
				CEE49E4D1DFC2543003663C8 /* RecentOrderCell.swift in Sources */,
				CEE49E491DFC2511003663C8 /* Recent Order.swift in Sources */,
				CE3852EA1DFDBD1800BE9D8A /* Registration.swift in Sources */,
				CED6B49A1DF9E3D400B72BF6 /* Global.swift in Sources */,
				CE64F19C1DFAAA1200DD9637 /* BaseViewController.swift in Sources */,
				CE3852ED1DFDCAF500BE9D8A /* File.swift in Sources */,
				CEE49E521DFC2828003663C8 /* Profile.swift in Sources */,
				CEFFDDB91DF96AB9007135DD /* Taxi_App.xcdatamodeld in Sources */,
				CE64F19D1DFAAA1200DD9637 /* MenuViewController.swift in Sources */,
			);
			runOnlyForDeploymentPostprocessing = 0;
		};
		CEFFDDC01DF96AB9007135DD /* Sources */ = {
			isa = PBXSourcesBuildPhase;
			buildActionMask = 2147483647;
			files = (
				CEFFDDC91DF96AB9007135DD /* Taxi_AppTests.swift in Sources */,
			);
			runOnlyForDeploymentPostprocessing = 0;
		};
		CEFFDDCB1DF96AB9007135DD /* Sources */ = {
			isa = PBXSourcesBuildPhase;
			buildActionMask = 2147483647;
			files = (
				CEFFDDD41DF96AB9007135DD /* Taxi_AppUITests.swift in Sources */,
			);
			runOnlyForDeploymentPostprocessing = 0;
		};
/* End PBXSourcesBuildPhase section */

/* Begin PBXTargetDependency section */
		CEFFDDC61DF96AB9007135DD /* PBXTargetDependency */ = {
			isa = PBXTargetDependency;
			target = CEFFDDAC1DF96AB9007135DD /* Taxi App */;
			targetProxy = CEFFDDC51DF96AB9007135DD /* PBXContainerItemProxy */;
		};
		CEFFDDD11DF96AB9007135DD /* PBXTargetDependency */ = {
			isa = PBXTargetDependency;
			target = CEFFDDAC1DF96AB9007135DD /* Taxi App */;
			targetProxy = CEFFDDD01DF96AB9007135DD /* PBXContainerItemProxy */;
		};
/* End PBXTargetDependency section */

/* Begin PBXVariantGroup section */
		CEFFDDB41DF96AB9007135DD /* Main.storyboard */ = {
			isa = PBXVariantGroup;
			children = (
				CEFFDDB51DF96AB9007135DD /* Base */,
			);
			name = Main.storyboard;
			sourceTree = "<group>";
		};
		CEFFDDBC1DF96AB9007135DD /* LaunchScreen.storyboard */ = {
			isa = PBXVariantGroup;
			children = (
				CEFFDDBD1DF96AB9007135DD /* Base */,
			);
			name = LaunchScreen.storyboard;
			sourceTree = "<group>";
		};
/* End PBXVariantGroup section */

/* Begin XCBuildConfiguration section */
		CEFFDDD61DF96AB9007135DD /* Debug */ = {
			isa = XCBuildConfiguration;
			buildSettings = {
				ALWAYS_SEARCH_USER_PATHS = NO;
				CLANG_ANALYZER_NONNULL = YES;
				CLANG_CXX_LANGUAGE_STANDARD = "gnu++0x";
				CLANG_CXX_LIBRARY = "libc++";
				CLANG_ENABLE_MODULES = YES;
				CLANG_ENABLE_OBJC_ARC = YES;
				CLANG_WARN_BOOL_CONVERSION = YES;
				CLANG_WARN_CONSTANT_CONVERSION = YES;
				CLANG_WARN_DIRECT_OBJC_ISA_USAGE = YES_ERROR;
				CLANG_WARN_DOCUMENTATION_COMMENTS = YES;
				CLANG_WARN_EMPTY_BODY = YES;
				CLANG_WARN_ENUM_CONVERSION = YES;
				CLANG_WARN_INFINITE_RECURSION = YES;
				CLANG_WARN_INT_CONVERSION = YES;
				CLANG_WARN_OBJC_ROOT_CLASS = YES_ERROR;
				CLANG_WARN_SUSPICIOUS_MOVES = YES;
				CLANG_WARN_UNREACHABLE_CODE = YES;
				CLANG_WARN__DUPLICATE_METHOD_MATCH = YES;
				"CODE_SIGN_IDENTITY[sdk=iphoneos*]" = "iPhone Developer";
				COPY_PHASE_STRIP = NO;
				DEBUG_INFORMATION_FORMAT = dwarf;
				ENABLE_STRICT_OBJC_MSGSEND = YES;
				ENABLE_TESTABILITY = YES;
				GCC_C_LANGUAGE_STANDARD = gnu99;
				GCC_DYNAMIC_NO_PIC = NO;
				GCC_NO_COMMON_BLOCKS = YES;
				GCC_OPTIMIZATION_LEVEL = 0;
				GCC_PREPROCESSOR_DEFINITIONS = (
					"DEBUG=1",
					"$(inherited)",
				);
				GCC_WARN_64_TO_32_BIT_CONVERSION = YES;
				GCC_WARN_ABOUT_RETURN_TYPE = YES_ERROR;
				GCC_WARN_UNDECLARED_SELECTOR = YES;
				GCC_WARN_UNINITIALIZED_AUTOS = YES_AGGRESSIVE;
				GCC_WARN_UNUSED_FUNCTION = YES;
				GCC_WARN_UNUSED_VARIABLE = YES;
				IPHONEOS_DEPLOYMENT_TARGET = 10.0;
				MTL_ENABLE_DEBUG_INFO = YES;
				ONLY_ACTIVE_ARCH = YES;
				SDKROOT = iphoneos;
				SWIFT_ACTIVE_COMPILATION_CONDITIONS = DEBUG;
				SWIFT_OPTIMIZATION_LEVEL = "-Onone";
				TARGETED_DEVICE_FAMILY = "1,2";
			};
			name = Debug;
		};
		CEFFDDD71DF96AB9007135DD /* Release */ = {
			isa = XCBuildConfiguration;
			buildSettings = {
				ALWAYS_SEARCH_USER_PATHS = NO;
				CLANG_ANALYZER_NONNULL = YES;
				CLANG_CXX_LANGUAGE_STANDARD = "gnu++0x";
				CLANG_CXX_LIBRARY = "libc++";
				CLANG_ENABLE_MODULES = YES;
				CLANG_ENABLE_OBJC_ARC = YES;
				CLANG_WARN_BOOL_CONVERSION = YES;
				CLANG_WARN_CONSTANT_CONVERSION = YES;
				CLANG_WARN_DIRECT_OBJC_ISA_USAGE = YES_ERROR;
				CLANG_WARN_DOCUMENTATION_COMMENTS = YES;
				CLANG_WARN_EMPTY_BODY = YES;
				CLANG_WARN_ENUM_CONVERSION = YES;
				CLANG_WARN_INFINITE_RECURSION = YES;
				CLANG_WARN_INT_CONVERSION = YES;
				CLANG_WARN_OBJC_ROOT_CLASS = YES_ERROR;
				CLANG_WARN_SUSPICIOUS_MOVES = YES;
				CLANG_WARN_UNREACHABLE_CODE = YES;
				CLANG_WARN__DUPLICATE_METHOD_MATCH = YES;
				"CODE_SIGN_IDENTITY[sdk=iphoneos*]" = "iPhone Developer";
				COPY_PHASE_STRIP = NO;
				DEBUG_INFORMATION_FORMAT = "dwarf-with-dsym";
				ENABLE_NS_ASSERTIONS = NO;
				ENABLE_STRICT_OBJC_MSGSEND = YES;
				GCC_C_LANGUAGE_STANDARD = gnu99;
				GCC_NO_COMMON_BLOCKS = YES;
				GCC_WARN_64_TO_32_BIT_CONVERSION = YES;
				GCC_WARN_ABOUT_RETURN_TYPE = YES_ERROR;
				GCC_WARN_UNDECLARED_SELECTOR = YES;
				GCC_WARN_UNINITIALIZED_AUTOS = YES_AGGRESSIVE;
				GCC_WARN_UNUSED_FUNCTION = YES;
				GCC_WARN_UNUSED_VARIABLE = YES;
				IPHONEOS_DEPLOYMENT_TARGET = 10.0;
				MTL_ENABLE_DEBUG_INFO = NO;
				SDKROOT = iphoneos;
				SWIFT_OPTIMIZATION_LEVEL = "-Owholemodule";
				TARGETED_DEVICE_FAMILY = "1,2";
				VALIDATE_PRODUCT = YES;
			};
			name = Release;
		};
		CEFFDDD91DF96AB9007135DD /* Debug */ = {
			isa = XCBuildConfiguration;
			buildSettings = {
				ASSETCATALOG_COMPILER_APPICON_NAME = AppIcon;
				FRAMEWORK_SEARCH_PATHS = (
					"$(inherited)",
					"$(PROJECT_DIR)",
				);
				INFOPLIST_FILE = "Taxi App/Info.plist";
				LD_RUNPATH_SEARCH_PATHS = "$(inherited) @executable_path/Frameworks";
				PRODUCT_BUNDLE_IDENTIFIER = "o.Taxi-App";
				PRODUCT_NAME = "$(TARGET_NAME)";
				SWIFT_VERSION = 3.0;
			};
			name = Debug;
		};
		CEFFDDDA1DF96AB9007135DD /* Release */ = {
			isa = XCBuildConfiguration;
			buildSettings = {
				ASSETCATALOG_COMPILER_APPICON_NAME = AppIcon;
				FRAMEWORK_SEARCH_PATHS = (
					"$(inherited)",
					"$(PROJECT_DIR)",
				);
				INFOPLIST_FILE = "Taxi App/Info.plist";
				LD_RUNPATH_SEARCH_PATHS = "$(inherited) @executable_path/Frameworks";
				PRODUCT_BUNDLE_IDENTIFIER = "o.Taxi-App";
				PRODUCT_NAME = "$(TARGET_NAME)";
				SWIFT_VERSION = 3.0;
			};
			name = Release;
		};
		CEFFDDDC1DF96AB9007135DD /* Debug */ = {
			isa = XCBuildConfiguration;
			buildSettings = {
				ALWAYS_EMBED_SWIFT_STANDARD_LIBRARIES = YES;
				BUNDLE_LOADER = "$(TEST_HOST)";
				INFOPLIST_FILE = "Taxi AppTests/Info.plist";
				LD_RUNPATH_SEARCH_PATHS = "$(inherited) @executable_path/Frameworks @loader_path/Frameworks";
				PRODUCT_BUNDLE_IDENTIFIER = "o.Taxi-AppTests";
				PRODUCT_NAME = "$(TARGET_NAME)";
				SWIFT_VERSION = 3.0;
				TEST_HOST = "$(BUILT_PRODUCTS_DIR)/Taxi App.app/Taxi App";
			};
			name = Debug;
		};
		CEFFDDDD1DF96AB9007135DD /* Release */ = {
			isa = XCBuildConfiguration;
			buildSettings = {
				ALWAYS_EMBED_SWIFT_STANDARD_LIBRARIES = YES;
				BUNDLE_LOADER = "$(TEST_HOST)";
				INFOPLIST_FILE = "Taxi AppTests/Info.plist";
				LD_RUNPATH_SEARCH_PATHS = "$(inherited) @executable_path/Frameworks @loader_path/Frameworks";
				PRODUCT_BUNDLE_IDENTIFIER = "o.Taxi-AppTests";
				PRODUCT_NAME = "$(TARGET_NAME)";
				SWIFT_VERSION = 3.0;
				TEST_HOST = "$(BUILT_PRODUCTS_DIR)/Taxi App.app/Taxi App";
			};
			name = Release;
		};
		CEFFDDDF1DF96AB9007135DD /* Debug */ = {
			isa = XCBuildConfiguration;
			buildSettings = {
				ALWAYS_EMBED_SWIFT_STANDARD_LIBRARIES = YES;
				INFOPLIST_FILE = "Taxi AppUITests/Info.plist";
				LD_RUNPATH_SEARCH_PATHS = "$(inherited) @executable_path/Frameworks @loader_path/Frameworks";
				PRODUCT_BUNDLE_IDENTIFIER = "o.Taxi-AppUITests";
				PRODUCT_NAME = "$(TARGET_NAME)";
				SWIFT_VERSION = 3.0;
				TEST_TARGET_NAME = "Taxi App";
			};
			name = Debug;
		};
		CEFFDDE01DF96AB9007135DD /* Release */ = {
			isa = XCBuildConfiguration;
			buildSettings = {
				ALWAYS_EMBED_SWIFT_STANDARD_LIBRARIES = YES;
				INFOPLIST_FILE = "Taxi AppUITests/Info.plist";
				LD_RUNPATH_SEARCH_PATHS = "$(inherited) @executable_path/Frameworks @loader_path/Frameworks";
				PRODUCT_BUNDLE_IDENTIFIER = "o.Taxi-AppUITests";
				PRODUCT_NAME = "$(TARGET_NAME)";
				SWIFT_VERSION = 3.0;
				TEST_TARGET_NAME = "Taxi App";
			};
			name = Release;
		};
/* End XCBuildConfiguration section */

/* Begin XCConfigurationList section */
		CEFFDDA81DF96AB9007135DD /* Build configuration list for PBXProject "Taxi App" */ = {
			isa = XCConfigurationList;
			buildConfigurations = (
				CEFFDDD61DF96AB9007135DD /* Debug */,
				CEFFDDD71DF96AB9007135DD /* Release */,
			);
			defaultConfigurationIsVisible = 0;
			defaultConfigurationName = Release;
		};
		CEFFDDD81DF96AB9007135DD /* Build configuration list for PBXNativeTarget "Taxi App" */ = {
			isa = XCConfigurationList;
			buildConfigurations = (
				CEFFDDD91DF96AB9007135DD /* Debug */,
				CEFFDDDA1DF96AB9007135DD /* Release */,
			);
			defaultConfigurationIsVisible = 0;
			defaultConfigurationName = Release;
		};
		CEFFDDDB1DF96AB9007135DD /* Build configuration list for PBXNativeTarget "Taxi AppTests" */ = {
			isa = XCConfigurationList;
			buildConfigurations = (
				CEFFDDDC1DF96AB9007135DD /* Debug */,
				CEFFDDDD1DF96AB9007135DD /* Release */,
			);
			defaultConfigurationIsVisible = 0;
			defaultConfigurationName = Release;
		};
		CEFFDDDE1DF96AB9007135DD /* Build configuration list for PBXNativeTarget "Taxi AppUITests" */ = {
			isa = XCConfigurationList;
			buildConfigurations = (
				CEFFDDDF1DF96AB9007135DD /* Debug */,
				CEFFDDE01DF96AB9007135DD /* Release */,
			);
			defaultConfigurationIsVisible = 0;
			defaultConfigurationName = Release;
		};
/* End XCConfigurationList section */

/* Begin XCVersionGroup section */
		CEFFDDB71DF96AB9007135DD /* Taxi_App.xcdatamodeld */ = {
			isa = XCVersionGroup;
			children = (
				CEFFDDB81DF96AB9007135DD /* Taxi_App.xcdatamodel */,
			);
			currentVersion = CEFFDDB81DF96AB9007135DD /* Taxi_App.xcdatamodel */;
			path = Taxi_App.xcdatamodeld;
			sourceTree = "<group>";
			versionGroupType = wrapper.xcdatamodel;
		};
/* End XCVersionGroup section */
	};
	rootObject = CEFFDDA51DF96AB9007135DD /* Project object */;
}
